
Microsoft Visual Studio Solution File, Format Version 12.00
# Visual Studio 14
VisualStudioVersion = 14.0.25420.1
MinimumVisualStudioVersion = 10.0.40219.1
Project("{FAE04EC0-301F-11D3-BF4B-00C04F79EFBC}") = "AdoProjectHW", "AdoProjectHW\AdoProjectHW.csproj", "{EAFD5316-F9ED-4623-A83F-9991C254977D}"
EndProject
Project("{FAE04EC0-301F-11D3-BF4B-00C04F79EFBC}") = "AdoProjectHW_OleDB", "AdoProjectHW_OleDB\AdoProjectHW_OleDB.csproj", "{4996C802-30C8-41F2-B597-BB5C79A3E389}"
EndProject
Project("{FAE04EC0-301F-11D3-BF4B-00C04F79EFBC}") = "AdoProjectHW_Sql", "AdoProjectHW_Sql\AdoProjectHW_Sql.csproj", "{74B4A82E-334D-4D1B-99B6-67C323761365}"
EndProject
Project("{FAE04EC0-301F-11D3-BF4B-00C04F79EFBC}") = "AdoProjectHW_Odbc", "AdoProjectHW_Odbc\AdoProjectHW_Odbc.csproj", "{8F764FB1-D8C0-47A5-B606-F02C36D4317F}"
EndProject
Global
	GlobalSection(SolutionConfigurationPlatforms) = preSolution
		Debug|Any CPU = Debug|Any CPU
		Release|Any CPU = Release|Any CPU
	EndGlobalSection
	GlobalSection(ProjectConfigurationPlatforms) = postSolution
		{EAFD5316-F9ED-4623-A83F-9991C254977D}.Debug|Any CPU.ActiveCfg = Debug|Any CPU
		{EAFD5316-F9ED-4623-A83F-9991C254977D}.Debug|Any CPU.Build.0 = Debug|Any CPU
		{EAFD5316-F9ED-4623-A83F-9991C254977D}.Release|Any CPU.ActiveCfg = Release|Any CPU
		{EAFD5316-F9ED-4623-A83F-9991C254977D}.Release|Any CPU.Build.0 = Release|Any CPU
		{4996C802-30C8-41F2-B597-BB5C79A3E389}.Debug|Any CPU.ActiveCfg = Debug|Any CPU
		{4996C802-30C8-41F2-B597-BB5C79A3E389}.Debug|Any CPU.Build.0 = Debug|Any CPU
		{4996C802-30C8-41F2-B597-BB5C79A3E389}.Release|Any CPU.ActiveCfg = Release|Any CPU
		{4996C802-30C8-41F2-B597-BB5C79A3E389}.Release|Any CPU.Build.0 = Release|Any CPU
		{74B4A82E-334D-4D1B-99B6-67C323761365}.Debug|Any CPU.ActiveCfg = Debug|Any CPU
		{74B4A82E-334D-4D1B-99B6-67C323761365}.Debug|Any CPU.Build.0 = Debug|Any CPU
		{74B4A82E-334D-4D1B-99B6-67C323761365}.Release|Any CPU.ActiveCfg = Release|Any CPU
		{74B4A82E-334D-4D1B-99B6-67C323761365}.Release|Any CPU.Build.0 = Release|Any CPU
		{8F764FB1-D8C0-47A5-B606-F02C36D4317F}.Debug|Any CPU.ActiveCfg = Debug|Any CPU
		{8F764FB1-D8C0-47A5-B606-F02C36D4317F}.Debug|Any CPU.Build.0 = Debug|Any CPU
		{8F764FB1-D8C0-47A5-B606-F02C36D4317F}.Release|Any CPU.ActiveCfg = Release|Any CPU
		{8F764FB1-D8C0-47A5-B606-F02C36D4317F}.Release|Any CPU.Build.0 = Release|Any CPU
	EndGlobalSection
	GlobalSection(SolutionProperties) = preSolution
		HideSolutionNode = FALSE
	EndGlobalSection
EndGlobal
